# This file is autogenerated, do not edit; changes may be undone by the next 'dep ensure'.


[[projects]]
  name = "cloud.google.com/go"
  packages = ["civil"]
  revision = "0ebda48a7f143b1cce9eb37a8c1106ac762a3430"
  version = "v0.34.0"

[[projects]]
  name = "github.com/davecgh/go-spew"
  packages = ["spew"]
  revision = "8991bc29aa16c548c550c7ff78260e27b9ab7c73"
  version = "v1.1.1"

[[projects]]
  branch = "master"
  name = "github.com/denisenkom/go-mssqldb"
  packages = [
    ".",
    "internal/cp"
  ]
  revision = "4e0d7dc8888fbb59764060e99b7b68e77a6f9698"

[[projects]]
  name = "github.com/gobuffalo/envy"
  packages = ["."]
  revision = "801d7253ade1f895f74596b9a96147ed2d3b087e"
  version = "v1.6.11"

[[projects]]
  name = "github.com/joho/godotenv"
  packages = ["."]
  revision = "23d116af351c84513e1946b527c88823e476be13"
  version = "v1.3.0"

[[projects]]
  name = "github.com/lib/pq"
  packages = [
    ".",
    "oid"
  ]
  revision = "4ded0e9383f75c197b3a2aaa6d590ac52df6fd79"
  version = "v1.0.0"

[[projects]]
  name = "github.com/mailgun/mailgun-go"
  packages = ["."]
  revision = "4071f66f00fb74b08ae720f28ee9fcd98ebfd69e"
  version = "v2.0.0"

[[projects]]
  branch = "master"
  name = "github.com/mauleyzaola/glog"
  packages = ["."]
  revision = "155b63f45495ed18f0057a664dac5fae825c264a"

[[projects]]
  name = "github.com/mauleyzaola/gorp"
  packages = ["."]
  revision = "c87af80f3cc5036b55b83d77171e156791085e2e"
  version = "v1.7.1"

[[projects]]
  branch = "master"
  name = "github.com/mauleyzaola/issue-tracker"
  packages = [
    "server/api",
    "server/api/account",
    "server/api/file_item",
    "server/api/issue",
    "server/api/permission",
    "server/api/priority",
    "server/api/project",
    "server/api/status",
    "server/api/user",
    "server/application",
    "server/dal/pg",
    "server/dal/pg/account",
    "server/dal/pg/bootstrap",
    "server/dal/pg/file_item",
    "server/dal/pg/issue",
    "server/dal/pg/permission",
    "server/dal/pg/priority",
    "server/dal/pg/project",
    "server/dal/pg/session",
    "server/dal/pg/status",
    "server/dal/pg/user",
    "server/domain",
    "server/operations",
    "server/operations/database",
    "test",
    "test/mock",
    "utils/tecgrid",
    "utils/tecutils",
    "utils/tecweb/setup"
  ]
  revision = "2b3567f0829dfe17cb6b5d4940a6ef0837b8ae6e"

[[projects]]
  branch = "master"
  name = "github.com/nu7hatch/gouuid"
  packages = ["."]
  revision = "179d4d0c4d8d407a32af483c2354df1d2c91e6c3"

[[projects]]
  branch = "master"
  name = "github.com/pkg/errors"
  packages = ["."]
  revision = "ffb6e22f01932bf7ac35e0bad9be11f01d1c8685"

[[projects]]
  name = "github.com/pmezard/go-difflib"
  packages = ["difflib"]
  revision = "792786c7400a136282c1664665ae0a8db921c6c2"
  version = "v1.0.0"

[[projects]]
  name = "github.com/rogpeppe/go-internal"
  packages = [
    "modfile",
    "module",
    "semver"
  ]
  revision = "d87f08a7d80821c797ffc8eb8f4e01675f378736"
  version = "v1.0.0"

[[projects]]
  branch = "master"
  name = "github.com/rubenv/sql-migrate"
  packages = [
    ".",
    "sqlparse"
  ]
  revision = "5a8808c14925f69d2228981db113f672ad047e69"

[[projects]]
  name = "github.com/stretchr/testify"
  packages = ["assert"]
  revision = "ffdc059bfe9ce6a4e144ba849dbedead332c6053"
  version = "v1.3.0"

[[projects]]
  name = "github.com/zenazn/goji"
  packages = [
    ".",
    "bind",
    "graceful",
    "graceful/listener",
    "web",
    "web/middleware",
    "web/mutil"
  ]
  revision = "64eb34159fe53473206c2b3e70fe396a639452f2"
  version = "v1.0"

[[projects]]
  branch = "master"
  name = "golang.org/x/crypto"
  packages = ["md4"]
  revision = "ff983b9c42bc9fbf91556e191cc8efb585c16908"

[[projects]]
  name = "gopkg.in/gorp.v1"
  packages = ["."]
  revision = "6a667da9c028871f98598d85413e3fc4c6daa52e"
  version = "v1.7.2"

[[projects]]
  branch = "v2"
  name = "gopkg.in/mgo.v2"
  packages = [
    ".",
    "bson",
    "internal/json",
    "internal/sasl",
    "internal/scram"
  ]
  revision = "9856a29383ce1c59f308dd1cf0363a79b5bef6b5"

[solve-meta]
  analyzer-name = "dep"
  analyzer-version = 1
  inputs-digest = "9eb80523d20150ce356e77cb81d3f6f1f273bb196ef51751e0004f870e992ac5"
  solver-name = "gps-cdcl"
  solver-version = 1
